
Microsoft Visual Studio Solution File, Format Version 12.00
# Visual Studio Version 17
VisualStudioVersion = 17.6.33723.286
MinimumVisualStudioVersion = 10.0.40219.1
Project("{9A19103F-16F7-4668-BE54-9A1E7A4F7556}") = "HouseRentingSystem.Web", "HouseRentingSystem.Web\HouseRentingSystem.Web.csproj", "{E5004C5E-293F-4E03-9250-0E3A2452D497}"
EndProject
Project("{2150E333-8FDC-42A3-9474-1A3956D46DE8}") = "Web", "Web", "{76B16B3C-2E6D-44AE-849A-A46AE8CA5847}"
EndProject
Project("{2150E333-8FDC-42A3-9474-1A3956D46DE8}") = "Data", "Data", "{9D0FF6B4-5457-4D35-BD70-364443EBA591}"
EndProject
Project("{9A19103F-16F7-4668-BE54-9A1E7A4F7556}") = "HouseRentingSystem.Data", "HouseRentingSystem.Data\HouseRentingSystem.Data.csproj", "{13FF6C71-3B5D-431B-BA41-54A91DC082AD}"
EndProject
Project("{2150E333-8FDC-42A3-9474-1A3956D46DE8}") = "Common", "Common", "{DCC226F8-D8A1-434D-B475-5B6F73947851}"
EndProject
Project("{9A19103F-16F7-4668-BE54-9A1E7A4F7556}") = "HouseRentingSystem.Common", "HouseRentingSystem.Common\HouseRentingSystem.Common.csproj", "{6F7DC249-C80B-4552-B908-102C181F5CB4}"
EndProject
Project("{9A19103F-16F7-4668-BE54-9A1E7A4F7556}") = "HouseRentingSystem.Data.Models", "HouseRentingSystem.Data.Models\HouseRentingSystem.Data.Models.csproj", "{F387FA15-1863-43CD-BB95-F97AE28AB600}"
EndProject
Project("{9A19103F-16F7-4668-BE54-9A1E7A4F7556}") = "HouseRentingSystem.Web.ViewModels", "HouseRentingSystem.Web.ViewModels\HouseRentingSystem.Web.ViewModels.csproj", "{2ACF4EA1-2CBD-475B-947F-9F707EED3B28}"
EndProject
Project("{2150E333-8FDC-42A3-9474-1A3956D46DE8}") = "Services", "Services", "{52DB32C3-F9F0-417B-A0F3-F67598C2E343}"
EndProject
Project("{9A19103F-16F7-4668-BE54-9A1E7A4F7556}") = "HouseRentingSystem.Services.Data", "HouseRentingSystem.Services.Data\HouseRentingSystem.Services.Data.csproj", "{1432F198-1326-4728-815E-63F9D910654D}"
EndProject
Project("{9A19103F-16F7-4668-BE54-9A1E7A4F7556}") = "HouseRentingSystem.Web.Infrastructure", "HouseRentingSystem.Web.Infrastructure\HouseRentingSystem.Web.Infrastructure.csproj", "{BE8FA327-7E62-4B83-AE20-228ADE3ACDBC}"
EndProject
Project("{FAE04EC0-301F-11D3-BF4B-00C04F79EFBC}") = "HouseRentingSystem.Services.Data.Models", "HouseRentingSystem.Services.Data.Models\HouseRentingSystem.Services.Data.Models.csproj", "{C6C204CB-E161-452C-BDEA-ABA827C686EE}"
EndProject
Global
	GlobalSection(SolutionConfigurationPlatforms) = preSolution
		Debug|Any CPU = Debug|Any CPU
		Release|Any CPU = Release|Any CPU
	EndGlobalSection
	GlobalSection(ProjectConfigurationPlatforms) = postSolution
		{E5004C5E-293F-4E03-9250-0E3A2452D497}.Debug|Any CPU.ActiveCfg = Debug|Any CPU
		{E5004C5E-293F-4E03-9250-0E3A2452D497}.Debug|Any CPU.Build.0 = Debug|Any CPU
		{E5004C5E-293F-4E03-9250-0E3A2452D497}.Release|Any CPU.ActiveCfg = Release|Any CPU
		{E5004C5E-293F-4E03-9250-0E3A2452D497}.Release|Any CPU.Build.0 = Release|Any CPU
		{13FF6C71-3B5D-431B-BA41-54A91DC082AD}.Debug|Any CPU.ActiveCfg = Debug|Any CPU
		{13FF6C71-3B5D-431B-BA41-54A91DC082AD}.Debug|Any CPU.Build.0 = Debug|Any CPU
		{13FF6C71-3B5D-431B-BA41-54A91DC082AD}.Release|Any CPU.ActiveCfg = Release|Any CPU
		{13FF6C71-3B5D-431B-BA41-54A91DC082AD}.Release|Any CPU.Build.0 = Release|Any CPU
		{6F7DC249-C80B-4552-B908-102C181F5CB4}.Debug|Any CPU.ActiveCfg = Debug|Any CPU
		{6F7DC249-C80B-4552-B908-102C181F5CB4}.Debug|Any CPU.Build.0 = Debug|Any CPU
		{6F7DC249-C80B-4552-B908-102C181F5CB4}.Release|Any CPU.ActiveCfg = Release|Any CPU
		{6F7DC249-C80B-4552-B908-102C181F5CB4}.Release|Any CPU.Build.0 = Release|Any CPU
		{F387FA15-1863-43CD-BB95-F97AE28AB600}.Debug|Any CPU.ActiveCfg = Debug|Any CPU
		{F387FA15-1863-43CD-BB95-F97AE28AB600}.Debug|Any CPU.Build.0 = Debug|Any CPU
		{F387FA15-1863-43CD-BB95-F97AE28AB600}.Release|Any CPU.ActiveCfg = Release|Any CPU
		{F387FA15-1863-43CD-BB95-F97AE28AB600}.Release|Any CPU.Build.0 = Release|Any CPU
		{2ACF4EA1-2CBD-475B-947F-9F707EED3B28}.Debug|Any CPU.ActiveCfg = Debug|Any CPU
		{2ACF4EA1-2CBD-475B-947F-9F707EED3B28}.Debug|Any CPU.Build.0 = Debug|Any CPU
		{2ACF4EA1-2CBD-475B-947F-9F707EED3B28}.Release|Any CPU.ActiveCfg = Release|Any CPU
		{2ACF4EA1-2CBD-475B-947F-9F707EED3B28}.Release|Any CPU.Build.0 = Release|Any CPU
		{1432F198-1326-4728-815E-63F9D910654D}.Debug|Any CPU.ActiveCfg = Debug|Any CPU
		{1432F198-1326-4728-815E-63F9D910654D}.Debug|Any CPU.Build.0 = Debug|Any CPU
		{1432F198-1326-4728-815E-63F9D910654D}.Release|Any CPU.ActiveCfg = Release|Any CPU
		{1432F198-1326-4728-815E-63F9D910654D}.Release|Any CPU.Build.0 = Release|Any CPU
		{BE8FA327-7E62-4B83-AE20-228ADE3ACDBC}.Debug|Any CPU.ActiveCfg = Debug|Any CPU
		{BE8FA327-7E62-4B83-AE20-228ADE3ACDBC}.Debug|Any CPU.Build.0 = Debug|Any CPU
		{BE8FA327-7E62-4B83-AE20-228ADE3ACDBC}.Release|Any CPU.ActiveCfg = Release|Any CPU
		{BE8FA327-7E62-4B83-AE20-228ADE3ACDBC}.Release|Any CPU.Build.0 = Release|Any CPU
		{C6C204CB-E161-452C-BDEA-ABA827C686EE}.Debug|Any CPU.ActiveCfg = Debug|Any CPU
		{C6C204CB-E161-452C-BDEA-ABA827C686EE}.Debug|Any CPU.Build.0 = Debug|Any CPU
		{C6C204CB-E161-452C-BDEA-ABA827C686EE}.Release|Any CPU.ActiveCfg = Release|Any CPU
		{C6C204CB-E161-452C-BDEA-ABA827C686EE}.Release|Any CPU.Build.0 = Release|Any CPU
	EndGlobalSection
	GlobalSection(SolutionProperties) = preSolution
		HideSolutionNode = FALSE
	EndGlobalSection
	GlobalSection(NestedProjects) = preSolution
		{E5004C5E-293F-4E03-9250-0E3A2452D497} = {76B16B3C-2E6D-44AE-849A-A46AE8CA5847}
		{13FF6C71-3B5D-431B-BA41-54A91DC082AD} = {9D0FF6B4-5457-4D35-BD70-364443EBA591}
		{6F7DC249-C80B-4552-B908-102C181F5CB4} = {DCC226F8-D8A1-434D-B475-5B6F73947851}
		{F387FA15-1863-43CD-BB95-F97AE28AB600} = {9D0FF6B4-5457-4D35-BD70-364443EBA591}
		{2ACF4EA1-2CBD-475B-947F-9F707EED3B28} = {76B16B3C-2E6D-44AE-849A-A46AE8CA5847}
		{1432F198-1326-4728-815E-63F9D910654D} = {52DB32C3-F9F0-417B-A0F3-F67598C2E343}
		{BE8FA327-7E62-4B83-AE20-228ADE3ACDBC} = {76B16B3C-2E6D-44AE-849A-A46AE8CA5847}
		{C6C204CB-E161-452C-BDEA-ABA827C686EE} = {52DB32C3-F9F0-417B-A0F3-F67598C2E343}
	EndGlobalSection
	GlobalSection(ExtensibilityGlobals) = postSolution
		SolutionGuid = {8094C717-6726-415C-A2A3-39F19618F809}
	EndGlobalSection
EndGlobal
